
Microsoft Visual Studio Solution File, Format Version 12.00
# Visual Studio 15
Project("{FAE04EC0-301F-11D3-BF4B-00C04F79EFBC}") = "Scrapper", "Scrapper\Scrapper.csproj", "{CEEDBBEE-D8FB-40F5-9F7A-804B1787D48A}"
EndProject
Global
	GlobalSection(SolutionConfigurationPlatforms) = preSolution
		Debug|anycpu = Debug|anycpu
		Release|anycpu = Release|anycpu
	EndGlobalSection
	GlobalSection(ProjectConfigurationPlatforms) = postSolution
		{CEEDBBEE-D8FB-40F5-9F7A-804B1787D48A}.Debug|anycpu.ActiveCfg = Debug|anycpu
		{CEEDBBEE-D8FB-40F5-9F7A-804B1787D48A}.Debug|anycpu.Build.0 = Debug|anycpu
		{CEEDBBEE-D8FB-40F5-9F7A-804B1787D48A}.Release|anycpu.ActiveCfg = Release|anycpu
		{CEEDBBEE-D8FB-40F5-9F7A-804B1787D48A}.Release|anycpu.Build.0 = Release|anycpu
	EndGlobalSection
EndGlobal
